<?xml version="1.0" encoding="utf-8"?>
<Project ToolsVersion="4.0" xmlns="http://schemas.microsoft.com/developer/msbuild/2003">
  <ItemGroup>
    <Filter Include="Source Files">
      <UniqueIdentifier>{4FC737F1-C7A5-4376-A066-2A32D752A2FF}</UniqueIdentifier>
      <Extensions>cpp;c;cc;cxx;def;odl;idl;hpj;bat;asm;asmx</Extensions>
    </Filter>
    <Filter Include="Header Files">
      <UniqueIdentifier>{93995380-89BD-4b04-88EB-625FBE52EBFB}</UniqueIdentifier>
      <Extensions>h;hpp;hxx;hm;inl;inc;xsd</Extensions>
    </Filter>
  </ItemGroup>
  <ItemGroup>
    <ClCompile Include="..\main.cpp">
      <Filter>Source Files</Filter>
    </ClCompile>
    <ClCompile Include="..\x86FixupAssembler.cpp">
      <Filter>Source Files</Filter>
    </ClCompile>
    <ClCompile Include="..\x86FixupAvoidKill.cpp">
      <Filter>Source Files</Filter>
    </ClCompile>
    <ClCompile Include="..\x86FixupDisassembly.cpp">
      <Filter>Source Files</Filter>
    </ClCompile>
    <ClCompile Include="..\x86FixupMsgHandle.cpp">
      <Filter>Source Files</Filter>
    </ClCompile>
    <ClCompile Include="..\x86FixupPeDefined.cpp">
      <Filter>Source Files</Filter>
    </ClCompile>
    <ClCompile Include="..\x86FixupPeLoader.cpp">
      <Filter>Source Files</Filter>
    </ClCompile>
  </ItemGroup>
  <ItemGroup>
    <ClInclude Include="..\main.h">
      <Filter>Header Files</Filter>
    </ClInclude>
    <ClInclude Include="..\x86FixupAssembler.h">
      <Filter>Header Files</Filter>
    </ClInclude>
    <ClInclude Include="..\x86FixupAvoidKill.h">
      <Filter>Header Files</Filter>
    </ClInclude>
    <ClInclude Include="..\x86FixupDisassembly.h">
      <Filter>Header Files</Filter>
    </ClInclude>
    <ClInclude Include="..\x86FixupMsgHandle.h">
      <Filter>Header Files</Filter>
    </ClInclude>
    <ClInclude Include="..\x86FixupPeDefined.h">
      <Filter>Header Files</Filter>
    </ClInclude>
    <ClInclude Include="..\x86FixupPeLoader.h">
      <Filter>Header Files</Filter>
    </ClInclude>
  </ItemGroup>
</Project>